
Microsoft Visual Studio Solution File, Format Version 12.00
Project("{FAE04EC0-301F-11D3-BF4B-00C04F79EFBC}") = "NetworkingGame", "NetworkingGame\NetworkingGame.csproj", "{BE52A330-2855-46C1-8C4A-D6CB6A5B3152}"
EndProject
Project("{FAE04EC0-301F-11D3-BF4B-00C04F79EFBC}") = "Server", "Server\Server.csproj", "{3E4B0B46-2DC0-4217-BE07-2C387CBE0E4B}"
EndProject
Global
	GlobalSection(SolutionConfigurationPlatforms) = preSolution
		Debug|Any CPU = Debug|Any CPU
		Release|Any CPU = Release|Any CPU
	EndGlobalSection
	GlobalSection(ProjectConfigurationPlatforms) = postSolution
		{BE52A330-2855-46C1-8C4A-D6CB6A5B3152}.Debug|Any CPU.ActiveCfg = Debug|Any CPU
		{BE52A330-2855-46C1-8C4A-D6CB6A5B3152}.Debug|Any CPU.Build.0 = Debug|Any CPU
		{BE52A330-2855-46C1-8C4A-D6CB6A5B3152}.Release|Any CPU.ActiveCfg = Release|Any CPU
		{BE52A330-2855-46C1-8C4A-D6CB6A5B3152}.Release|Any CPU.Build.0 = Release|Any CPU
		{3E4B0B46-2DC0-4217-BE07-2C387CBE0E4B}.Debug|Any CPU.ActiveCfg = Debug|Any CPU
		{3E4B0B46-2DC0-4217-BE07-2C387CBE0E4B}.Debug|Any CPU.Build.0 = Debug|Any CPU
		{3E4B0B46-2DC0-4217-BE07-2C387CBE0E4B}.Release|Any CPU.ActiveCfg = Release|Any CPU
		{3E4B0B46-2DC0-4217-BE07-2C387CBE0E4B}.Release|Any CPU.Build.0 = Release|Any CPU
	EndGlobalSection
EndGlobal
